
Microsoft Visual Studio Solution File, Format Version 12.00
# Visual Studio 15
VisualStudioVersion = 15.0.28307.539
MinimumVisualStudioVersion = 10.0.40219.1
Project("{FAE04EC0-301F-11D3-BF4B-00C04F79EFBC}") = "RPGGame_PrimeVirus", "RPGGame_PrimeVirus\RPGGame_PrimeVirus.csproj", "{59C0221F-3ABA-4180-9049-95C271F69964}"
EndProject
Global
	GlobalSection(SolutionConfigurationPlatforms) = preSolution
		Debug|Any CPU = Debug|Any CPU
		Release|Any CPU = Release|Any CPU
	EndGlobalSection
	GlobalSection(ProjectConfigurationPlatforms) = postSolution
		{59C0221F-3ABA-4180-9049-95C271F69964}.Debug|Any CPU.ActiveCfg = Debug|Any CPU
		{59C0221F-3ABA-4180-9049-95C271F69964}.Debug|Any CPU.Build.0 = Debug|Any CPU
		{59C0221F-3ABA-4180-9049-95C271F69964}.Release|Any CPU.ActiveCfg = Release|Any CPU
		{59C0221F-3ABA-4180-9049-95C271F69964}.Release|Any CPU.Build.0 = Release|Any CPU
	EndGlobalSection
	GlobalSection(SolutionProperties) = preSolution
		HideSolutionNode = FALSE
	EndGlobalSection
	GlobalSection(ExtensibilityGlobals) = postSolution
		SolutionGuid = {28CAFD1C-061B-4A6E-A6BC-3623151D679E}
	EndGlobalSection
EndGlobal
